// !$*UTF8*$!
{
	archiveVersion = 1;
	classes = {
	};
	objectVersion = 46;
	objects = {

/* Begin PBXBuildFile section */
		0C970A7B1A356AE6003A0F61 /* Foundation.framework in Frameworks */ = {isa = PBXBuildFile; fileRef = 0C970A7A1A356AE6003A0F61 /* Foundation.framework */; };
		0C970A7D1A356AE6003A0F61 /* CoreGraphics.framework in Frameworks */ = {isa = PBXBuildFile; fileRef = 0C970A7C1A356AE6003A0F61 /* CoreGraphics.framework */; };
		0C970A7F1A356AE6003A0F61 /* UIKit.framework in Frameworks */ = {isa = PBXBuildFile; fileRef = 0C970A7E1A356AE6003A0F61 /* UIKit.framework */; };
		0C970A851A356AE6003A0F61 /* InfoPlist.strings in Resources */ = {isa = PBXBuildFile; fileRef = 0C970A831A356AE6003A0F61 /* InfoPlist.strings */; };
		0C970A871A356AE6003A0F61 /* main.m in Sources */ = {isa = PBXBuildFile; fileRef = 0C970A861A356AE6003A0F61 /* main.m */; };
		0C970A8B1A356AE6003A0F61 /* AppDelegate.m in Sources */ = {isa = PBXBuildFile; fileRef = 0C970A8A1A356AE6003A0F61 /* AppDelegate.m */; };
		0C970A8D1A356AE6003A0F61 /* Images.xcassets in Resources */ = {isa = PBXBuildFile; fileRef = 0C970A8C1A356AE6003A0F61 /* Images.xcassets */; };
		0C970A941A356AE6003A0F61 /* XCTest.framework in Frameworks */ = {isa = PBXBuildFile; fileRef = 0C970A931A356AE6003A0F61 /* XCTest.framework */; };
		0C970A951A356AE6003A0F61 /* Foundation.framework in Frameworks */ = {isa = PBXBuildFile; fileRef = 0C970A7A1A356AE6003A0F61 /* Foundation.framework */; };
		0C970A961A356AE6003A0F61 /* UIKit.framework in Frameworks */ = {isa = PBXBuildFile; fileRef = 0C970A7E1A356AE6003A0F61 /* UIKit.framework */; };
		0C970A9E1A356AE6003A0F61 /* InfoPlist.strings in Resources */ = {isa = PBXBuildFile; fileRef = 0C970A9C1A356AE6003A0F61 /* InfoPlist.strings */; };
		0C970AA01A356AE6003A0F61 /* DynamicFunctionTests.m in Sources */ = {isa = PBXBuildFile; fileRef = 0C970A9F1A356AE6003A0F61 /* DynamicFunctionTests.m */; };
/* End PBXBuildFile section */

/* Begin PBXContainerItemProxy section */
		0C970A971A356AE6003A0F61 /* PBXContainerItemProxy */ = {
			isa = PBXContainerItemProxy;
			containerPortal = 0C970A6F1A356AE6003A0F61 /* Project object */;
			proxyType = 1;
			remoteGlobalIDString = 0C970A761A356AE6003A0F61;
			remoteInfo = DynamicFunction;
		};
/* End PBXContainerItemProxy section */

/* Begin PBXFileReference section */
		0C970A771A356AE6003A0F61 /* DynamicFunction.app */ = {isa = PBXFileReference; explicitFileType = wrapper.application; includeInIndex = 0; path = DynamicFunction.app; sourceTree = BUILT_PRODUCTS_DIR; };
		0C970A7A1A356AE6003A0F61 /* Foundation.framework */ = {isa = PBXFileReference; lastKnownFileType = wrapper.framework; name = Foundation.framework; path = System/Library/Frameworks/Foundation.framework; sourceTree = SDKROOT; };
		0C970A7C1A356AE6003A0F61 /* CoreGraphics.framework */ = {isa = PBXFileReference; lastKnownFileType = wrapper.framework; name = CoreGraphics.framework; path = System/Library/Frameworks/CoreGraphics.framework; sourceTree = SDKROOT; };
		0C970A7E1A356AE6003A0F61 /* UIKit.framework */ = {isa = PBXFileReference; lastKnownFileType = wrapper.framework; name = UIKit.framework; path = System/Library/Frameworks/UIKit.framework; sourceTree = SDKROOT; };
		0C970A821A356AE6003A0F61 /* DynamicFunction-Info.plist */ = {isa = PBXFileReference; lastKnownFileType = text.plist.xml; path = "DynamicFunction-Info.plist"; sourceTree = "<group>"; };
		0C970A841A356AE6003A0F61 /* en */ = {isa = PBXFileReference; lastKnownFileType = text.plist.strings; name = en; path = en.lproj/InfoPlist.strings; sourceTree = "<group>"; };
		0C970A861A356AE6003A0F61 /* main.m */ = {isa = PBXFileReference; lastKnownFileType = sourcecode.c.objc; path = main.m; sourceTree = "<group>"; };
		0C970A881A356AE6003A0F61 /* DynamicFunction-Prefix.pch */ = {isa = PBXFileReference; lastKnownFileType = sourcecode.c.h; path = "DynamicFunction-Prefix.pch"; sourceTree = "<group>"; };
		0C970A891A356AE6003A0F61 /* AppDelegate.h */ = {isa = PBXFileReference; lastKnownFileType = sourcecode.c.h; path = AppDelegate.h; sourceTree = "<group>"; };
		0C970A8A1A356AE6003A0F61 /* AppDelegate.m */ = {isa = PBXFileReference; lastKnownFileType = sourcecode.c.objc; path = AppDelegate.m; sourceTree = "<group>"; };
		0C970A8C1A356AE6003A0F61 /* Images.xcassets */ = {isa = PBXFileReference; lastKnownFileType = folder.assetcatalog; path = Images.xcassets; sourceTree = "<group>"; };
		0C970A921A356AE6003A0F61 /* DynamicFunctionTests.xctest */ = {isa = PBXFileReference; explicitFileType = wrapper.cfbundle; includeInIndex = 0; path = DynamicFunctionTests.xctest; sourceTree = BUILT_PRODUCTS_DIR; };
		0C970A931A356AE6003A0F61 /* XCTest.framework */ = {isa = PBXFileReference; lastKnownFileType = wrapper.framework; name = XCTest.framework; path = Library/Frameworks/XCTest.framework; sourceTree = DEVELOPER_DIR; };
		0C970A9B1A356AE6003A0F61 /* DynamicFunctionTests-Info.plist */ = {isa = PBXFileReference; lastKnownFileType = text.plist.xml; path = "DynamicFunctionTests-Info.plist"; sourceTree = "<group>"; };
		0C970A9D1A356AE6003A0F61 /* en */ = {isa = PBXFileReference; lastKnownFileType = text.plist.strings; name = en; path = en.lproj/InfoPlist.strings; sourceTree = "<group>"; };
		0C970A9F1A356AE6003A0F61 /* DynamicFunctionTests.m */ = {isa = PBXFileReference; lastKnownFileType = sourcecode.c.objc; path = DynamicFunctionTests.m; sourceTree = "<group>"; };
/* End PBXFileReference section */

/* Begin PBXFrameworksBuildPhase section */
		0C970A741A356AE6003A0F61 /* Frameworks */ = {
			isa = PBXFrameworksBuildPhase;
			buildActionMask = 2147483647;
			files = (
				0C970A7D1A356AE6003A0F61 /* CoreGraphics.framework in Frameworks */,
				0C970A7F1A356AE6003A0F61 /* UIKit.framework in Frameworks */,
				0C970A7B1A356AE6003A0F61 /* Foundation.framework in Frameworks */,
			);
			runOnlyForDeploymentPostprocessing = 0;
		};
		0C970A8F1A356AE6003A0F61 /* Frameworks */ = {
			isa = PBXFrameworksBuildPhase;
			buildActionMask = 2147483647;
			files = (
				0C970A941A356AE6003A0F61 /* XCTest.framework in Frameworks */,
				0C970A961A356AE6003A0F61 /* UIKit.framework in Frameworks */,
				0C970A951A356AE6003A0F61 /* Foundation.framework in Frameworks */,
			);
			runOnlyForDeploymentPostprocessing = 0;
		};
/* End PBXFrameworksBuildPhase section */

/* Begin PBXGroup section */
		0C970A6E1A356AE6003A0F61 = {
			isa = PBXGroup;
			children = (
				0C970A801A356AE6003A0F61 /* DynamicFunction */,
				0C970A991A356AE6003A0F61 /* DynamicFunctionTests */,
				0C970A791A356AE6003A0F61 /* Frameworks */,
				0C970A781A356AE6003A0F61 /* Products */,
			);
			sourceTree = "<group>";
		};
		0C970A781A356AE6003A0F61 /* Products */ = {
			isa = PBXGroup;
			children = (
				0C970A771A356AE6003A0F61 /* DynamicFunction.app */,
				0C970A921A356AE6003A0F61 /* DynamicFunctionTests.xctest */,
			);
			name = Products;
			sourceTree = "<group>";
		};
		0C970A791A356AE6003A0F61 /* Frameworks */ = {
			isa = PBXGroup;
			children = (
				0C970A7A1A356AE6003A0F61 /* Foundation.framework */,
				0C970A7C1A356AE6003A0F61 /* CoreGraphics.framework */,
				0C970A7E1A356AE6003A0F61 /* UIKit.framework */,
				0C970A931A356AE6003A0F61 /* XCTest.framework */,
			);
			name = Frameworks;
			sourceTree = "<group>";
		};
		0C970A801A356AE6003A0F61 /* DynamicFunction */ = {
			isa = PBXGroup;
			children = (
				0C970A891A356AE6003A0F61 /* AppDelegate.h */,
				0C970A8A1A356AE6003A0F61 /* AppDelegate.m */,
				0C970A8C1A356AE6003A0F61 /* Images.xcassets */,
				0C970A811A356AE6003A0F61 /* Supporting Files */,
			);
			path = DynamicFunction;
			sourceTree = "<group>";
		};
		0C970A811A356AE6003A0F61 /* Supporting Files */ = {
			isa = PBXGroup;
			children = (
				0C970A821A356AE6003A0F61 /* DynamicFunction-Info.plist */,
				0C970A831A356AE6003A0F61 /* InfoPlist.strings */,
				0C970A861A356AE6003A0F61 /* main.m */,
				0C970A881A356AE6003A0F61 /* DynamicFunction-Prefix.pch */,
			);
			name = "Supporting Files";
			sourceTree = "<group>";
		};
		0C970A991A356AE6003A0F61 /* DynamicFunctionTests */ = {
			isa = PBXGroup;
			children = (
				0C970A9F1A356AE6003A0F61 /* DynamicFunctionTests.m */,
				0C970A9A1A356AE6003A0F61 /* Supporting Files */,
			);
			path = DynamicFunctionTests;
			sourceTree = "<group>";
		};
		0C970A9A1A356AE6003A0F61 /* Supporting Files */ = {
			isa = PBXGroup;
			children = (
				0C970A9B1A356AE6003A0F61 /* DynamicFunctionTests-Info.plist */,
				0C970A9C1A356AE6003A0F61 /* InfoPlist.strings */,
			);
			name = "Supporting Files";
			sourceTree = "<group>";
		};
/* End PBXGroup section */

/* Begin PBXNativeTarget section */
		0C970A761A356AE6003A0F61 /* DynamicFunction */ = {
			isa = PBXNativeTarget;
			buildConfigurationList = 0C970AA31A356AE6003A0F61 /* Build configuration list for PBXNativeTarget "DynamicFunction" */;
			buildPhases = (
				0C970A731A356AE6003A0F61 /* Sources */,
				0C970A741A356AE6003A0F61 /* Frameworks */,
				0C970A751A356AE6003A0F61 /* Resources */,
			);
			buildRules = (
			);
			dependencies = (
			);
			name = DynamicFunction;
			productName = DynamicFunction;
			productReference = 0C970A771A356AE6003A0F61 /* DynamicFunction.app */;
			productType = "com.apple.product-type.application";
		};
		0C970A911A356AE6003A0F61 /* DynamicFunctionTests */ = {
			isa = PBXNativeTarget;
			buildConfigurationList = 0C970AA61A356AE6003A0F61 /* Build configuration list for PBXNativeTarget "DynamicFunctionTests" */;
			buildPhases = (
				0C970A8E1A356AE6003A0F61 /* Sources */,
				0C970A8F1A356AE6003A0F61 /* Frameworks */,
				0C970A901A356AE6003A0F61 /* Resources */,
			);
			buildRules = (
			);
			dependencies = (
				0C970A981A356AE6003A0F61 /* PBXTargetDependency */,
			);
			name = DynamicFunctionTests;
			productName = DynamicFunctionTests;
			productReference = 0C970A921A356AE6003A0F61 /* DynamicFunctionTests.xctest */;
			productType = "com.apple.product-type.bundle.unit-test";
		};
/* End PBXNativeTarget section */

/* Begin PBXProject section */
		0C970A6F1A356AE6003A0F61 /* Project object */ = {
			isa = PBXProject;
			attributes = {
				LastUpgradeCheck = 0510;
				ORGANIZATIONNAME = KAMEDAkyosuke;
				TargetAttributes = {
					0C970A761A356AE6003A0F61 = {
						DevelopmentTeam = YW7K3M3Q85;
					};
					0C970A911A356AE6003A0F61 = {
						TestTargetID = 0C970A761A356AE6003A0F61;
					};
				};
			};
			buildConfigurationList = 0C970A721A356AE6003A0F61 /* Build configuration list for PBXProject "DynamicFunction" */;
			compatibilityVersion = "Xcode 3.2";
			developmentRegion = English;
			hasScannedForEncodings = 0;
			knownRegions = (
				en,
			);
			mainGroup = 0C970A6E1A356AE6003A0F61;
			productRefGroup = 0C970A781A356AE6003A0F61 /* Products */;
			projectDirPath = "";
			projectRoot = "";
			targets = (
				0C970A761A356AE6003A0F61 /* DynamicFunction */,
				0C970A911A356AE6003A0F61 /* DynamicFunctionTests */,
			);
		};
/* End PBXProject section */

/* Begin PBXResourcesBuildPhase section */
		0C970A751A356AE6003A0F61 /* Resources */ = {
			isa = PBXResourcesBuildPhase;
			buildActionMask = 2147483647;
			files = (
				0C970A851A356AE6003A0F61 /* InfoPlist.strings in Resources */,
				0C970A8D1A356AE6003A0F61 /* Images.xcassets in Resources */,
			);
			runOnlyForDeploymentPostprocessing = 0;
		};
		0C970A901A356AE6003A0F61 /* Resources */ = {
			isa = PBXResourcesBuildPhase;
			buildActionMask = 2147483647;
			files = (
				0C970A9E1A356AE6003A0F61 /* InfoPlist.strings in Resources */,
			);
			runOnlyForDeploymentPostprocessing = 0;
		};
/* End PBXResourcesBuildPhase section */

/* Begin PBXSourcesBuildPhase section */
		0C970A731A356AE6003A0F61 /* Sources */ = {
			isa = PBXSourcesBuildPhase;
			buildActionMask = 2147483647;
			files = (
				0C970A8B1A356AE6003A0F61 /* AppDelegate.m in Sources */,
				0C970A871A356AE6003A0F61 /* main.m in Sources */,
			);
			runOnlyForDeploymentPostprocessing = 0;
		};
		0C970A8E1A356AE6003A0F61 /* Sources */ = {
			isa = PBXSourcesBuildPhase;
			buildActionMask = 2147483647;
			files = (
				0C970AA01A356AE6003A0F61 /* DynamicFunctionTests.m in Sources */,
			);
			runOnlyForDeploymentPostprocessing = 0;
		};
/* End PBXSourcesBuildPhase section */

/* Begin PBXTargetDependency section */
		0C970A981A356AE6003A0F61 /* PBXTargetDependency */ = {
			isa = PBXTargetDependency;
			target = 0C970A761A356AE6003A0F61 /* DynamicFunction */;
			targetProxy = 0C970A971A356AE6003A0F61 /* PBXContainerItemProxy */;
		};
/* End PBXTargetDependency section */

/* Begin PBXVariantGroup section */
		0C970A831A356AE6003A0F61 /* InfoPlist.strings */ = {
			isa = PBXVariantGroup;
			children = (
				0C970A841A356AE6003A0F61 /* en */,
			);
			name = InfoPlist.strings;
			sourceTree = "<group>";
		};
		0C970A9C1A356AE6003A0F61 /* InfoPlist.strings */ = {
			isa = PBXVariantGroup;
			children = (
				0C970A9D1A356AE6003A0F61 /* en */,
			);
			name = InfoPlist.strings;
			sourceTree = "<group>";
		};
/* End PBXVariantGroup section */

/* Begin XCBuildConfiguration section */
		0C970AA11A356AE6003A0F61 /* Debug */ = {
			isa = XCBuildConfiguration;
			buildSettings = {
				ALWAYS_SEARCH_USER_PATHS = NO;
				CLANG_CXX_LANGUAGE_STANDARD = "gnu++0x";
				CLANG_CXX_LIBRARY = "libc++";
				CLANG_ENABLE_MODULES = YES;
				CLANG_ENABLE_OBJC_ARC = YES;
				CLANG_WARN_BOOL_CONVERSION = YES;
				CLANG_WARN_CONSTANT_CONVERSION = YES;
				CLANG_WARN_DIRECT_OBJC_ISA_USAGE = YES_ERROR;
				CLANG_WARN_EMPTY_BODY = YES;
				CLANG_WARN_ENUM_CONVERSION = YES;
				CLANG_WARN_INT_CONVERSION = YES;
				CLANG_WARN_OBJC_ROOT_CLASS = YES_ERROR;
				CLANG_WARN__DUPLICATE_METHOD_MATCH = YES;
				"CODE_SIGN_IDENTITY[sdk=iphoneos*]" = "iPhone Developer";
				COPY_PHASE_STRIP = NO;
				GCC_C_LANGUAGE_STANDARD = gnu99;
				GCC_DYNAMIC_NO_PIC = NO;
				GCC_OPTIMIZATION_LEVEL = 0;
				GCC_PREPROCESSOR_DEFINITIONS = (
					"DEBUG=1",
					"$(inherited)",
				);
				GCC_SYMBOLS_PRIVATE_EXTERN = NO;
				GCC_WARN_64_TO_32_BIT_CONVERSION = YES;
				GCC_WARN_ABOUT_RETURN_TYPE = YES_ERROR;
				GCC_WARN_UNDECLARED_SELECTOR = YES;
				GCC_WARN_UNINITIALIZED_AUTOS = YES_AGGRESSIVE;
				GCC_WARN_UNUSED_FUNCTION = YES;
				GCC_WARN_UNUSED_VARIABLE = YES;
				IPHONEOS_DEPLOYMENT_TARGET = 7.1;
				ONLY_ACTIVE_ARCH = YES;
				SDKROOT = iphoneos;
			};
			name = Debug;
		};
		0C970AA21A356AE6003A0F61 /* Release */ = {
			isa = XCBuildConfiguration;
			buildSettings = {
				ALWAYS_SEARCH_USER_PATHS = NO;
				CLANG_CXX_LANGUAGE_STANDARD = "gnu++0x";
				CLANG_CXX_LIBRARY = "libc++";
				CLANG_ENABLE_MODULES = YES;
				CLANG_ENABLE_OBJC_ARC = YES;
				CLANG_WARN_BOOL_CONVERSION = YES;
				CLANG_WARN_CONSTANT_CONVERSION = YES;
				CLANG_WARN_DIRECT_OBJC_ISA_USAGE = YES_ERROR;
				CLANG_WARN_EMPTY_BODY = YES;
				CLANG_WARN_ENUM_CONVERSION = YES;
				CLANG_WARN_INT_CONVERSION = YES;
				CLANG_WARN_OBJC_ROOT_CLASS = YES_ERROR;
				CLANG_WARN__DUPLICATE_METHOD_MATCH = YES;
				"CODE_SIGN_IDENTITY[sdk=iphoneos*]" = "iPhone Developer";
				COPY_PHASE_STRIP = YES;
				ENABLE_NS_ASSERTIONS = NO;
				GCC_C_LANGUAGE_STANDARD = gnu99;
				GCC_WARN_64_TO_32_BIT_CONVERSION = YES;
				GCC_WARN_ABOUT_RETURN_TYPE = YES_ERROR;
				GCC_WARN_UNDECLARED_SELECTOR = YES;
				GCC_WARN_UNINITIALIZED_AUTOS = YES_AGGRESSIVE;
				GCC_WARN_UNUSED_FUNCTION = YES;
				GCC_WARN_UNUSED_VARIABLE = YES;
				IPHONEOS_DEPLOYMENT_TARGET = 7.1;
				SDKROOT = iphoneos;
				VALIDATE_PRODUCT = YES;
			};
			name = Release;
		};
		0C970AA41A356AE6003A0F61 /* Debug */ = {
			isa = XCBuildConfiguration;
			buildSettings = {
				ARCHS = armv7s;
				ASSETCATALOG_COMPILER_APPICON_NAME = AppIcon;
				ASSETCATALOG_COMPILER_LAUNCHIMAGE_NAME = LaunchImage;
				CODE_SIGN_IDENTITY = "iPhone Developer";
				"CODE_SIGN_IDENTITY[sdk=iphoneos*]" = "iPhone Developer";
				GCC_OPTIMIZATION_LEVEL = 0;
				GCC_PRECOMPILE_PREFIX_HEADER = YES;
				GCC_PREFIX_HEADER = "DynamicFunction/DynamicFunction-Prefix.pch";
				INFOPLIST_FILE = "DynamicFunction/DynamicFunction-Info.plist";
				IPHONEOS_DEPLOYMENT_TARGET = 6.0;
				PRODUCT_NAME = "$(TARGET_NAME)";
				PROVISIONING_PROFILE = "";
				SDKROOT = iphoneos;
				VALID_ARCHS = armv7s;
				WRAPPER_EXTENSION = app;
			};
			name = Debug;
		};
		0C970AA51A356AE6003A0F61 /* Release */ = {
			isa = XCBuildConfiguration;
			buildSettings = {
				ARCHS = armv7s;
				ASSETCATALOG_COMPILER_APPICON_NAME = AppIcon;
				ASSETCATALOG_COMPILER_LAUNCHIMAGE_NAME = LaunchImage;
				CODE_SIGN_IDENTITY = "iPhone Developer";
				"CODE_SIGN_IDENTITY[sdk=iphoneos*]" = "iPhone Developer";
				GCC_PRECOMPILE_PREFIX_HEADER = YES;
				GCC_PREFIX_HEADER = "DynamicFunction/DynamicFunction-Prefix.pch";
				INFOPLIST_FILE = "DynamicFunction/DynamicFunction-Info.plist";
				IPHONEOS_DEPLOYMENT_TARGET = 6.0;
				PRODUCT_NAME = "$(TARGET_NAME)";
				PROVISIONING_PROFILE = "";
				SDKROOT = iphoneos;
				VALID_ARCHS = armv7s;
				WRAPPER_EXTENSION = app;
			};
			name = Release;
		};
		0C970AA71A356AE6003A0F61 /* Debug */ = {
			isa = XCBuildConfiguration;
			buildSettings = {
				BUNDLE_LOADER = "$(BUILT_PRODUCTS_DIR)/DynamicFunction.app/DynamicFunction";
				FRAMEWORK_SEARCH_PATHS = (
					"$(SDKROOT)/Developer/Library/Frameworks",
					"$(inherited)",
					"$(DEVELOPER_FRAMEWORKS_DIR)",
				);
				GCC_PRECOMPILE_PREFIX_HEADER = YES;
				GCC_PREFIX_HEADER = "DynamicFunction/DynamicFunction-Prefix.pch";
				GCC_PREPROCESSOR_DEFINITIONS = (
					"DEBUG=1",
					"$(inherited)",
				);
				INFOPLIST_FILE = "DynamicFunctionTests/DynamicFunctionTests-Info.plist";
				PRODUCT_NAME = "$(TARGET_NAME)";
				TEST_HOST = "$(BUNDLE_LOADER)";
				WRAPPER_EXTENSION = xctest;
			};
			name = Debug;
		};
		0C970AA81A356AE6003A0F61 /* Release */ = {
			isa = XCBuildConfiguration;
			buildSettings = {
				BUNDLE_LOADER = "$(BUILT_PRODUCTS_DIR)/DynamicFunction.app/DynamicFunction";
				FRAMEWORK_SEARCH_PATHS = (
					"$(SDKROOT)/Developer/Library/Frameworks",
					"$(inherited)",
					"$(DEVELOPER_FRAMEWORKS_DIR)",
				);
				GCC_PRECOMPILE_PREFIX_HEADER = YES;
				GCC_PREFIX_HEADER = "DynamicFunction/DynamicFunction-Prefix.pch";
				INFOPLIST_FILE = "DynamicFunctionTests/DynamicFunctionTests-Info.plist";
				PRODUCT_NAME = "$(TARGET_NAME)";
				TEST_HOST = "$(BUNDLE_LOADER)";
				WRAPPER_EXTENSION = xctest;
			};
			name = Release;
		};
/* End XCBuildConfiguration section */

/* Begin XCConfigurationList section */
		0C970A721A356AE6003A0F61 /* Build configuration list for PBXProject "DynamicFunction" */ = {
			isa = XCConfigurationList;
			buildConfigurations = (
				0C970AA11A356AE6003A0F61 /* Debug */,
				0C970AA21A356AE6003A0F61 /* Release */,
			);
			defaultConfigurationIsVisible = 0;
			defaultConfigurationName = Release;
		};
		0C970AA31A356AE6003A0F61 /* Build configuration list for PBXNativeTarget "DynamicFunction" */ = {
			isa = XCConfigurationList;
			buildConfigurations = (
				0C970AA41A356AE6003A0F61 /* Debug */,
				0C970AA51A356AE6003A0F61 /* Release */,
			);
			defaultConfigurationIsVisible = 0;
		};
		0C970AA61A356AE6003A0F61 /* Build configuration list for PBXNativeTarget "DynamicFunctionTests" */ = {
			isa = XCConfigurationList;
			buildConfigurations = (
				0C970AA71A356AE6003A0F61 /* Debug */,
				0C970AA81A356AE6003A0F61 /* Release */,
			);
			defaultConfigurationIsVisible = 0;
		};
/* End XCConfigurationList section */
	};
	rootObject = 0C970A6F1A356AE6003A0F61 /* Project object */;
}
